PATH
  remote: .
  specs:
    cacheql (0.1.0)
      activerecord (~> 5.0)
      activesupport (~> 5.0)
      graphql-batch (~> 0.3.9)

GEM
  remote: https://rubygems.org/
  specs:
    activemodel (5.2.0)
      activesupport (= 5.2.0)
    activerecord (5.2.0)
      activemodel (= 5.2.0)
      activesupport (= 5.2.0)
      arel (>= 9.0)
    activesupport (5.2.0)
      concurrent-ruby (~> 1.0, >= 1.0.2)
      i18n (>= 0.7, < 2)
      minitest (~> 5.1)
      tzinfo (~> 1.1)
    arel (9.0.0)
    concurrent-ruby (1.0.5)
    graphql (1.7.14)
    graphql-batch (0.3.9)
      graphql (>= 0.8, < 2)
      promise.rb (~> 0.7.2)
    i18n (1.0.0)
      concurrent-ruby (~> 1.0)
    minitest (5.11.3)
    promise.rb (0.7.4)
    rake (10.5.0)
    thread_safe (0.3.6)
    tzinfo (1.2.5)
      thread_safe (~> 0.1)

PLATFORMS
  ruby

DEPENDENCIES
  bundler (~> 1.16.a)
  cacheql!
  minitest (~> 5.0)
  rake (~> 10.0)

BUNDLED WITH
   1.16.0.pre.2
